
Microsoft Visual Studio Solution File, Format Version 12.00
# Visual Studio Version 16
VisualStudioVersion = 16.0.29709.97
MinimumVisualStudioVersion = 10.0.40219.1
Project("{FAE04EC0-301F-11D3-BF4B-00C04F79EFBC}") = "Wisej.Web.Ext.Ignite.Test", "Wisej.Web.Ext.Ignite.Test\Wisej.Web.Ext.Ignite.Test.csproj", "{417F385C-7B5A-41E1-AF9E-1375ED9C5985}"
EndProject
Global
	GlobalSection(SolutionConfigurationPlatforms) = preSolution
		Debug|Any CPU = Debug|Any CPU
		Release|Any CPU = Release|Any CPU
	EndGlobalSection
	GlobalSection(ProjectConfigurationPlatforms) = postSolution
		{417F385C-7B5A-41E1-AF9E-1375ED9C5985}.Debug|Any CPU.ActiveCfg = Debug|Any CPU
		{417F385C-7B5A-41E1-AF9E-1375ED9C5985}.Debug|Any CPU.Build.0 = Debug|Any CPU
		{417F385C-7B5A-41E1-AF9E-1375ED9C5985}.Release|Any CPU.ActiveCfg = Release|Any CPU
		{417F385C-7B5A-41E1-AF9E-1375ED9C5985}.Release|Any CPU.Build.0 = Release|Any CPU
	EndGlobalSection
	GlobalSection(SolutionProperties) = preSolution
		HideSolutionNode = FALSE
	EndGlobalSection
	GlobalSection(ExtensibilityGlobals) = postSolution
		SolutionGuid = {302D53E6-5BDC-4567-BF4D-D15161159AFF}
	EndGlobalSection
EndGlobal
